
Microsoft Visual Studio Solution File, Format Version 12.00
# Visual Studio 15
VisualStudioVersion = 15.0.28307.960
MinimumVisualStudioVersion = 10.0.40219.1
Project("{FAE04EC0-301F-11D3-BF4B-00C04F79EFBC}") = "ConvertToWorkds", "ConvertToWorkds\ConvertToWorkds.csproj", "{C289A7B2-2AA4-4A60-9651-2B29DBEC5929}"
EndProject
Global
	GlobalSection(SolutionConfigurationPlatforms) = preSolution
		Debug|Any CPU = Debug|Any CPU
		Release|Any CPU = Release|Any CPU
	EndGlobalSection
	GlobalSection(ProjectConfigurationPlatforms) = postSolution
		{C289A7B2-2AA4-4A60-9651-2B29DBEC5929}.Debug|Any CPU.ActiveCfg = Debug|Any CPU
		{C289A7B2-2AA4-4A60-9651-2B29DBEC5929}.Debug|Any CPU.Build.0 = Debug|Any CPU
		{C289A7B2-2AA4-4A60-9651-2B29DBEC5929}.Release|Any CPU.ActiveCfg = Release|Any CPU
		{C289A7B2-2AA4-4A60-9651-2B29DBEC5929}.Release|Any CPU.Build.0 = Release|Any CPU
	EndGlobalSection
	GlobalSection(SolutionProperties) = preSolution
		HideSolutionNode = FALSE
	EndGlobalSection
	GlobalSection(ExtensibilityGlobals) = postSolution
		SolutionGuid = {9047382E-9F75-41E4-B655-BD082A6EBB43}
	EndGlobalSection
EndGlobal
